
Microsoft Visual Studio Solution File, Format Version 12.00
# Visual Studio Version 17
VisualStudioVersion = 17.14.36511.14 d17.14
MinimumVisualStudioVersion = 10.0.40219.1
Project("{FAE04EC0-301F-11D3-BF4B-00C04F79EFBC}") = "plan-fighting-super-start", "plan-fighting-super-start.csproj", "{FD132BDD-6304-42AD-A929-A479507900CD}"
EndProject
Global
	GlobalSection(SolutionConfigurationPlatforms) = preSolution
		Debug|Any CPU = Debug|Any CPU
		Release|Any CPU = Release|Any CPU
	EndGlobalSection
	GlobalSection(ProjectConfigurationPlatforms) = postSolution
		{FD132BDD-6304-42AD-A929-A479507900CD}.Debug|Any CPU.ActiveCfg = Debug|Any CPU
		{FD132BDD-6304-42AD-A929-A479507900CD}.Debug|Any CPU.Build.0 = Debug|Any CPU
		{FD132BDD-6304-42AD-A929-A479507900CD}.Release|Any CPU.ActiveCfg = Release|Any CPU
		{FD132BDD-6304-42AD-A929-A479507900CD}.Release|Any CPU.Build.0 = Release|Any CPU
	EndGlobalSection
	GlobalSection(SolutionProperties) = preSolution
		HideSolutionNode = FALSE
	EndGlobalSection
	GlobalSection(ExtensibilityGlobals) = postSolution
		SolutionGuid = {6DB6C383-6F59-42DB-A8A3-40481F34F25D}
	EndGlobalSection
EndGlobal
